// !$*UTF8*$!
{
	archiveVersion = 1;
	classes = {
	};
	objectVersion = 50;
	objects = {

/* Begin PBXBuildFile section */
		770C8FD023ED341A00147396 /* UInt128.swift in Sources */ = {isa = PBXBuildFile; fileRef = 770C8FCF23ED341A00147396 /* UInt128.swift */; };
		770C8FD423ED4DCC00147396 /* CardsManager.swift in Sources */ = {isa = PBXBuildFile; fileRef = 770C8FD323ED4DCC00147396 /* CardsManager.swift */; };
		770C8FD623ED4F3600147396 /* SecurityWithCryptoKit.swift in Sources */ = {isa = PBXBuildFile; fileRef = 770C8FD523ED4F3600147396 /* SecurityWithCryptoKit.swift */; };
		770C8FD823ED5C7200147396 /* PasswordsCreator.swift in Sources */ = {isa = PBXBuildFile; fileRef = 770C8FD723ED5C7200147396 /* PasswordsCreator.swift */; };
		770C8FDD23EDB31700147396 /* AlertsCreator.swift in Sources */ = {isa = PBXBuildFile; fileRef = 770C8FDC23EDB31700147396 /* AlertsCreator.swift */; };
		770C8FDF23EDB7B500147396 /* CardsConfiguration.swift in Sources */ = {isa = PBXBuildFile; fileRef = 770C8FDE23EDB7B500147396 /* CardsConfiguration.swift */; };
		7786F15823E3D8F5006B087C /* AppDelegate.swift in Sources */ = {isa = PBXBuildFile; fileRef = 7786F15723E3D8F5006B087C /* AppDelegate.swift */; };
		7786F15A23E3D8F5006B087C /* SceneDelegate.swift in Sources */ = {isa = PBXBuildFile; fileRef = 7786F15923E3D8F5006B087C /* SceneDelegate.swift */; };
		7786F15C23E3D8F5006B087C /* ConfigurationViewController.swift in Sources */ = {isa = PBXBuildFile; fileRef = 7786F15B23E3D8F5006B087C /* ConfigurationViewController.swift */; };
		7786F15F23E3D8F5006B087C /* Main.storyboard in Resources */ = {isa = PBXBuildFile; fileRef = 7786F15D23E3D8F5006B087C /* Main.storyboard */; };
		7786F16123E3D8FC006B087C /* Assets.xcassets in Resources */ = {isa = PBXBuildFile; fileRef = 7786F16023E3D8FC006B087C /* Assets.xcassets */; };
		7786F16423E3D8FC006B087C /* LaunchScreen.storyboard in Resources */ = {isa = PBXBuildFile; fileRef = 7786F16223E3D8FC006B087C /* LaunchScreen.storyboard */; };
		7786F16F23E3D8FC006B087C /* PPP_Crypto_AlgorithmTests.swift in Sources */ = {isa = PBXBuildFile; fileRef = 7786F16E23E3D8FC006B087C /* PPP_Crypto_AlgorithmTests.swift */; };
		7786F17A23E3D8FD006B087C /* PPP_Crypto_AlgorithmUITests.swift in Sources */ = {isa = PBXBuildFile; fileRef = 7786F17923E3D8FD006B087C /* PPP_Crypto_AlgorithmUITests.swift */; };
		778EE5FE23EE341900BFB635 /* CardCollectionViewCell.swift in Sources */ = {isa = PBXBuildFile; fileRef = 778EE5FC23EE341900BFB635 /* CardCollectionViewCell.swift */; };
		778EE5FF23EE341900BFB635 /* CardCollectionViewCell.xib in Resources */ = {isa = PBXBuildFile; fileRef = 778EE5FD23EE341900BFB635 /* CardCollectionViewCell.xib */; };
		778EE60123EE46CA00BFB635 /* ShowCardsViewController.swift in Sources */ = {isa = PBXBuildFile; fileRef = 778EE60023EE46CA00BFB635 /* ShowCardsViewController.swift */; };
		778EE60323EF329E00BFB635 /* KeychainSwiftDistrib.swift in Sources */ = {isa = PBXBuildFile; fileRef = 778EE60223EF329E00BFB635 /* KeychainSwiftDistrib.swift */; };
		778EE60623EF32D500BFB635 /* KeychainManager.swift in Sources */ = {isa = PBXBuildFile; fileRef = 778EE60523EF32D500BFB635 /* KeychainManager.swift */; };
/* End PBXBuildFile section */

/* Begin PBXContainerItemProxy section */
		7786F16B23E3D8FC006B087C /* PBXContainerItemProxy */ = {
			isa = PBXContainerItemProxy;
			containerPortal = 7786F14C23E3D8F5006B087C /* Project object */;
			proxyType = 1;
			remoteGlobalIDString = 7786F15323E3D8F5006B087C;
			remoteInfo = "PPP Crypto Algorithm";
		};
		7786F17623E3D8FC006B087C /* PBXContainerItemProxy */ = {
			isa = PBXContainerItemProxy;
			containerPortal = 7786F14C23E3D8F5006B087C /* Project object */;
			proxyType = 1;
			remoteGlobalIDString = 7786F15323E3D8F5006B087C;
			remoteInfo = "PPP Crypto Algorithm";
		};
/* End PBXContainerItemProxy section */

/* Begin PBXFileReference section */
		770C8FCF23ED341A00147396 /* UInt128.swift */ = {isa = PBXFileReference; lastKnownFileType = sourcecode.swift; path = UInt128.swift; sourceTree = "<group>"; };
		770C8FD323ED4DCC00147396 /* CardsManager.swift */ = {isa = PBXFileReference; lastKnownFileType = sourcecode.swift; path = CardsManager.swift; sourceTree = "<group>"; };
		770C8FD523ED4F3600147396 /* SecurityWithCryptoKit.swift */ = {isa = PBXFileReference; lastKnownFileType = sourcecode.swift; path = SecurityWithCryptoKit.swift; sourceTree = "<group>"; };
		770C8FD723ED5C7200147396 /* PasswordsCreator.swift */ = {isa = PBXFileReference; lastKnownFileType = sourcecode.swift; path = PasswordsCreator.swift; sourceTree = "<group>"; };
		770C8FDC23EDB31700147396 /* AlertsCreator.swift */ = {isa = PBXFileReference; lastKnownFileType = sourcecode.swift; path = AlertsCreator.swift; sourceTree = "<group>"; };
		770C8FDE23EDB7B500147396 /* CardsConfiguration.swift */ = {isa = PBXFileReference; lastKnownFileType = sourcecode.swift; path = CardsConfiguration.swift; sourceTree = "<group>"; };
		7786F15423E3D8F5006B087C /* PPP Crypto Algorithm.app */ = {isa = PBXFileReference; explicitFileType = wrapper.application; includeInIndex = 0; path = "PPP Crypto Algorithm.app"; sourceTree = BUILT_PRODUCTS_DIR; };
		7786F15723E3D8F5006B087C /* AppDelegate.swift */ = {isa = PBXFileReference; lastKnownFileType = sourcecode.swift; path = AppDelegate.swift; sourceTree = "<group>"; };
		7786F15923E3D8F5006B087C /* SceneDelegate.swift */ = {isa = PBXFileReference; lastKnownFileType = sourcecode.swift; path = SceneDelegate.swift; sourceTree = "<group>"; };
		7786F15B23E3D8F5006B087C /* ConfigurationViewController.swift */ = {isa = PBXFileReference; lastKnownFileType = sourcecode.swift; path = ConfigurationViewController.swift; sourceTree = "<group>"; };
		7786F15E23E3D8F5006B087C /* Base */ = {isa = PBXFileReference; lastKnownFileType = file.storyboard; name = Base; path = Base.lproj/Main.storyboard; sourceTree = "<group>"; };
		7786F16023E3D8FC006B087C /* Assets.xcassets */ = {isa = PBXFileReference; lastKnownFileType = folder.assetcatalog; path = Assets.xcassets; sourceTree = "<group>"; };
		7786F16323E3D8FC006B087C /* Base */ = {isa = PBXFileReference; lastKnownFileType = file.storyboard; name = Base; path = Base.lproj/LaunchScreen.storyboard; sourceTree = "<group>"; };
		7786F16523E3D8FC006B087C /* Info.plist */ = {isa = PBXFileReference; lastKnownFileType = text.plist.xml; path = Info.plist; sourceTree = "<group>"; };
		7786F16A23E3D8FC006B087C /* PPP Crypto AlgorithmTests.xctest */ = {isa = PBXFileReference; explicitFileType = wrapper.cfbundle; includeInIndex = 0; path = "PPP Crypto AlgorithmTests.xctest"; sourceTree = BUILT_PRODUCTS_DIR; };
		7786F16E23E3D8FC006B087C /* PPP_Crypto_AlgorithmTests.swift */ = {isa = PBXFileReference; lastKnownFileType = sourcecode.swift; path = PPP_Crypto_AlgorithmTests.swift; sourceTree = "<group>"; };
		7786F17023E3D8FC006B087C /* Info.plist */ = {isa = PBXFileReference; lastKnownFileType = text.plist.xml; path = Info.plist; sourceTree = "<group>"; };
		7786F17523E3D8FC006B087C /* PPP Crypto AlgorithmUITests.xctest */ = {isa = PBXFileReference; explicitFileType = wrapper.cfbundle; includeInIndex = 0; path = "PPP Crypto AlgorithmUITests.xctest"; sourceTree = BUILT_PRODUCTS_DIR; };
		7786F17923E3D8FD006B087C /* PPP_Crypto_AlgorithmUITests.swift */ = {isa = PBXFileReference; lastKnownFileType = sourcecode.swift; path = PPP_Crypto_AlgorithmUITests.swift; sourceTree = "<group>"; };
		7786F17B23E3D8FD006B087C /* Info.plist */ = {isa = PBXFileReference; lastKnownFileType = text.plist.xml; path = Info.plist; sourceTree = "<group>"; };
		778EE5FC23EE341900BFB635 /* CardCollectionViewCell.swift */ = {isa = PBXFileReference; lastKnownFileType = sourcecode.swift; path = CardCollectionViewCell.swift; sourceTree = "<group>"; };
		778EE5FD23EE341900BFB635 /* CardCollectionViewCell.xib */ = {isa = PBXFileReference; lastKnownFileType = file.xib; path = CardCollectionViewCell.xib; sourceTree = "<group>"; };
		778EE60023EE46CA00BFB635 /* ShowCardsViewController.swift */ = {isa = PBXFileReference; lastKnownFileType = sourcecode.swift; path = ShowCardsViewController.swift; sourceTree = "<group>"; };
		778EE60223EF329E00BFB635 /* KeychainSwiftDistrib.swift */ = {isa = PBXFileReference; lastKnownFileType = sourcecode.swift; path = KeychainSwiftDistrib.swift; sourceTree = "<group>"; };
		778EE60523EF32D500BFB635 /* KeychainManager.swift */ = {isa = PBXFileReference; lastKnownFileType = sourcecode.swift; path = KeychainManager.swift; sourceTree = "<group>"; };
/* End PBXFileReference section */

/* Begin PBXFrameworksBuildPhase section */
		7786F15123E3D8F5006B087C /* Frameworks */ = {
			isa = PBXFrameworksBuildPhase;
			buildActionMask = 2147483647;
			files = (
			);
			runOnlyForDeploymentPostprocessing = 0;
		};
		7786F16723E3D8FC006B087C /* Frameworks */ = {
			isa = PBXFrameworksBuildPhase;
			buildActionMask = 2147483647;
			files = (
			);
			runOnlyForDeploymentPostprocessing = 0;
		};
		7786F17223E3D8FC006B087C /* Frameworks */ = {
			isa = PBXFrameworksBuildPhase;
			buildActionMask = 2147483647;
			files = (
			);
			runOnlyForDeploymentPostprocessing = 0;
		};
/* End PBXFrameworksBuildPhase section */

/* Begin PBXGroup section */
		770C8FCB23ED330100147396 /* Utils */ = {
			isa = PBXGroup;
			children = (
				778EE60423EF32AD00BFB635 /* Keychain */,
				770C8FCE23ED340500147396 /* UInt128 */,
				770C8FD523ED4F3600147396 /* SecurityWithCryptoKit.swift */,
				770C8FDC23EDB31700147396 /* AlertsCreator.swift */,
			);
			path = Utils;
			sourceTree = "<group>";
		};
		770C8FCC23ED331000147396 /* View */ = {
			isa = PBXGroup;
			children = (
				7786F15D23E3D8F5006B087C /* Main.storyboard */,
				7786F16223E3D8FC006B087C /* LaunchScreen.storyboard */,
				778EE5FC23EE341900BFB635 /* CardCollectionViewCell.swift */,
				778EE5FD23EE341900BFB635 /* CardCollectionViewCell.xib */,
			);
			path = View;
			sourceTree = "<group>";
		};
		770C8FCE23ED340500147396 /* UInt128 */ = {
			isa = PBXGroup;
			children = (
				770C8FCF23ED341A00147396 /* UInt128.swift */,
			);
			path = UInt128;
			sourceTree = "<group>";
		};
		770C8FD123ED345B00147396 /* Models */ = {
			isa = PBXGroup;
			children = (
				770C8FD723ED5C7200147396 /* PasswordsCreator.swift */,
				770C8FD323ED4DCC00147396 /* CardsManager.swift */,
				770C8FDE23EDB7B500147396 /* CardsConfiguration.swift */,
			);
			path = Models;
			sourceTree = "<group>";
		};
		770C8FD223ED346300147396 /* Controllers */ = {
			isa = PBXGroup;
			children = (
				7786F15B23E3D8F5006B087C /* ConfigurationViewController.swift */,
				778EE60023EE46CA00BFB635 /* ShowCardsViewController.swift */,
			);
			path = Controllers;
			sourceTree = "<group>";
		};
		7786F14B23E3D8F5006B087C = {
			isa = PBXGroup;
			children = (
				7786F15623E3D8F5006B087C /* PPP Crypto Algorithm */,
				7786F16D23E3D8FC006B087C /* PPP Crypto AlgorithmTests */,
				7786F17823E3D8FC006B087C /* PPP Crypto AlgorithmUITests */,
				7786F15523E3D8F5006B087C /* Products */,
			);
			sourceTree = "<group>";
		};
		7786F15523E3D8F5006B087C /* Products */ = {
			isa = PBXGroup;
			children = (
				7786F15423E3D8F5006B087C /* PPP Crypto Algorithm.app */,
				7786F16A23E3D8FC006B087C /* PPP Crypto AlgorithmTests.xctest */,
				7786F17523E3D8FC006B087C /* PPP Crypto AlgorithmUITests.xctest */,
			);
			name = Products;
			sourceTree = "<group>";
		};
		7786F15623E3D8F5006B087C /* PPP Crypto Algorithm */ = {
			isa = PBXGroup;
			children = (
				770C8FD123ED345B00147396 /* Models */,
				770C8FCC23ED331000147396 /* View */,
				770C8FD223ED346300147396 /* Controllers */,
				770C8FCB23ED330100147396 /* Utils */,
				7786F15723E3D8F5006B087C /* AppDelegate.swift */,
				7786F15923E3D8F5006B087C /* SceneDelegate.swift */,
				7786F16023E3D8FC006B087C /* Assets.xcassets */,
				7786F16523E3D8FC006B087C /* Info.plist */,
			);
			path = "PPP Crypto Algorithm";
			sourceTree = "<group>";
		};
		7786F16D23E3D8FC006B087C /* PPP Crypto AlgorithmTests */ = {
			isa = PBXGroup;
			children = (
				7786F16E23E3D8FC006B087C /* PPP_Crypto_AlgorithmTests.swift */,
				7786F17023E3D8FC006B087C /* Info.plist */,
			);
			path = "PPP Crypto AlgorithmTests";
			sourceTree = "<group>";
		};
		7786F17823E3D8FC006B087C /* PPP Crypto AlgorithmUITests */ = {
			isa = PBXGroup;
			children = (
				7786F17923E3D8FD006B087C /* PPP_Crypto_AlgorithmUITests.swift */,
				7786F17B23E3D8FD006B087C /* Info.plist */,
			);
			path = "PPP Crypto AlgorithmUITests";
			sourceTree = "<group>";
		};
		778EE60423EF32AD00BFB635 /* Keychain */ = {
			isa = PBXGroup;
			children = (
				778EE60223EF329E00BFB635 /* KeychainSwiftDistrib.swift */,
				778EE60523EF32D500BFB635 /* KeychainManager.swift */,
			);
			path = Keychain;
			sourceTree = "<group>";
		};
/* End PBXGroup section */

/* Begin PBXNativeTarget section */
		7786F15323E3D8F5006B087C /* PPP Crypto Algorithm */ = {
			isa = PBXNativeTarget;
			buildConfigurationList = 7786F17E23E3D8FD006B087C /* Build configuration list for PBXNativeTarget "PPP Crypto Algorithm" */;
			buildPhases = (
				7786F15023E3D8F5006B087C /* Sources */,
				7786F15123E3D8F5006B087C /* Frameworks */,
				7786F15223E3D8F5006B087C /* Resources */,
			);
			buildRules = (
			);
			dependencies = (
			);
			name = "PPP Crypto Algorithm";
			productName = "PPP Crypto Algorithm";
			productReference = 7786F15423E3D8F5006B087C /* PPP Crypto Algorithm.app */;
			productType = "com.apple.product-type.application";
		};
		7786F16923E3D8FC006B087C /* PPP Crypto AlgorithmTests */ = {
			isa = PBXNativeTarget;
			buildConfigurationList = 7786F18123E3D8FD006B087C /* Build configuration list for PBXNativeTarget "PPP Crypto AlgorithmTests" */;
			buildPhases = (
				7786F16623E3D8FC006B087C /* Sources */,
				7786F16723E3D8FC006B087C /* Frameworks */,
				7786F16823E3D8FC006B087C /* Resources */,
			);
			buildRules = (
			);
			dependencies = (
				7786F16C23E3D8FC006B087C /* PBXTargetDependency */,
			);
			name = "PPP Crypto AlgorithmTests";
			productName = "PPP Crypto AlgorithmTests";
			productReference = 7786F16A23E3D8FC006B087C /* PPP Crypto AlgorithmTests.xctest */;
			productType = "com.apple.product-type.bundle.unit-test";
		};
		7786F17423E3D8FC006B087C /* PPP Crypto AlgorithmUITests */ = {
			isa = PBXNativeTarget;
			buildConfigurationList = 7786F18423E3D8FD006B087C /* Build configuration list for PBXNativeTarget "PPP Crypto AlgorithmUITests" */;
			buildPhases = (
				7786F17123E3D8FC006B087C /* Sources */,
				7786F17223E3D8FC006B087C /* Frameworks */,
				7786F17323E3D8FC006B087C /* Resources */,
			);
			buildRules = (
			);
			dependencies = (
				7786F17723E3D8FC006B087C /* PBXTargetDependency */,
			);
			name = "PPP Crypto AlgorithmUITests";
			productName = "PPP Crypto AlgorithmUITests";
			productReference = 7786F17523E3D8FC006B087C /* PPP Crypto AlgorithmUITests.xctest */;
			productType = "com.apple.product-type.bundle.ui-testing";
		};
/* End PBXNativeTarget section */

/* Begin PBXProject section */
		7786F14C23E3D8F5006B087C /* Project object */ = {
			isa = PBXProject;
			attributes = {
				LastSwiftUpdateCheck = 1130;
				LastUpgradeCheck = 1130;
				ORGANIZATIONNAME = unam;
				TargetAttributes = {
					7786F15323E3D8F5006B087C = {
						CreatedOnToolsVersion = 11.3;
					};
					7786F16923E3D8FC006B087C = {
						CreatedOnToolsVersion = 11.3;
						TestTargetID = 7786F15323E3D8F5006B087C;
					};
					7786F17423E3D8FC006B087C = {
						CreatedOnToolsVersion = 11.3;
						TestTargetID = 7786F15323E3D8F5006B087C;
					};
				};
			};
			buildConfigurationList = 7786F14F23E3D8F5006B087C /* Build configuration list for PBXProject "PPP Crypto Algorithm" */;
			compatibilityVersion = "Xcode 9.3";
			developmentRegion = en;
			hasScannedForEncodings = 0;
			knownRegions = (
				en,
				Base,
			);
			mainGroup = 7786F14B23E3D8F5006B087C;
			productRefGroup = 7786F15523E3D8F5006B087C /* Products */;
			projectDirPath = "";
			projectRoot = "";
			targets = (
				7786F15323E3D8F5006B087C /* PPP Crypto Algorithm */,
				7786F16923E3D8FC006B087C /* PPP Crypto AlgorithmTests */,
				7786F17423E3D8FC006B087C /* PPP Crypto AlgorithmUITests */,
			);
		};
/* End PBXProject section */

/* Begin PBXResourcesBuildPhase section */
		7786F15223E3D8F5006B087C /* Resources */ = {
			isa = PBXResourcesBuildPhase;
			buildActionMask = 2147483647;
			files = (
				778EE5FF23EE341900BFB635 /* CardCollectionViewCell.xib in Resources */,
				7786F16423E3D8FC006B087C /* LaunchScreen.storyboard in Resources */,
				7786F16123E3D8FC006B087C /* Assets.xcassets in Resources */,
				7786F15F23E3D8F5006B087C /* Main.storyboard in Resources */,
			);
			runOnlyForDeploymentPostprocessing = 0;
		};
		7786F16823E3D8FC006B087C /* Resources */ = {
			isa = PBXResourcesBuildPhase;
			buildActionMask = 2147483647;
			files = (
			);
			runOnlyForDeploymentPostprocessing = 0;
		};
		7786F17323E3D8FC006B087C /* Resources */ = {
			isa = PBXResourcesBuildPhase;
			buildActionMask = 2147483647;
			files = (
			);
			runOnlyForDeploymentPostprocessing = 0;
		};
/* End PBXResourcesBuildPhase section */

/* Begin PBXSourcesBuildPhase section */
		7786F15023E3D8F5006B087C /* Sources */ = {
			isa = PBXSourcesBuildPhase;
			buildActionMask = 2147483647;
			files = (
				778EE60623EF32D500BFB635 /* KeychainManager.swift in Sources */,
				770C8FDD23EDB31700147396 /* AlertsCreator.swift in Sources */,
				7786F15C23E3D8F5006B087C /* ConfigurationViewController.swift in Sources */,
				770C8FD623ED4F3600147396 /* SecurityWithCryptoKit.swift in Sources */,
				770C8FD423ED4DCC00147396 /* CardsManager.swift in Sources */,
				770C8FDF23EDB7B500147396 /* CardsConfiguration.swift in Sources */,
				778EE60123EE46CA00BFB635 /* ShowCardsViewController.swift in Sources */,
				7786F15823E3D8F5006B087C /* AppDelegate.swift in Sources */,
				7786F15A23E3D8F5006B087C /* SceneDelegate.swift in Sources */,
				778EE5FE23EE341900BFB635 /* CardCollectionViewCell.swift in Sources */,
				770C8FD023ED341A00147396 /* UInt128.swift in Sources */,
				770C8FD823ED5C7200147396 /* PasswordsCreator.swift in Sources */,
				778EE60323EF329E00BFB635 /* KeychainSwiftDistrib.swift in Sources */,
			);
			runOnlyForDeploymentPostprocessing = 0;
		};
		7786F16623E3D8FC006B087C /* Sources */ = {
			isa = PBXSourcesBuildPhase;
			buildActionMask = 2147483647;
			files = (
				7786F16F23E3D8FC006B087C /* PPP_Crypto_AlgorithmTests.swift in Sources */,
			);
			runOnlyForDeploymentPostprocessing = 0;
		};
		7786F17123E3D8FC006B087C /* Sources */ = {
			isa = PBXSourcesBuildPhase;
			buildActionMask = 2147483647;
			files = (
				7786F17A23E3D8FD006B087C /* PPP_Crypto_AlgorithmUITests.swift in Sources */,
			);
			runOnlyForDeploymentPostprocessing = 0;
		};
/* End PBXSourcesBuildPhase section */

/* Begin PBXTargetDependency section */
		7786F16C23E3D8FC006B087C /* PBXTargetDependency */ = {
			isa = PBXTargetDependency;
			target = 7786F15323E3D8F5006B087C /* PPP Crypto Algorithm */;
			targetProxy = 7786F16B23E3D8FC006B087C /* PBXContainerItemProxy */;
		};
		7786F17723E3D8FC006B087C /* PBXTargetDependency */ = {
			isa = PBXTargetDependency;
			target = 7786F15323E3D8F5006B087C /* PPP Crypto Algorithm */;
			targetProxy = 7786F17623E3D8FC006B087C /* PBXContainerItemProxy */;
		};
/* End PBXTargetDependency section */

/* Begin PBXVariantGroup section */
		7786F15D23E3D8F5006B087C /* Main.storyboard */ = {
			isa = PBXVariantGroup;
			children = (
				7786F15E23E3D8F5006B087C /* Base */,
			);
			name = Main.storyboard;
			sourceTree = "<group>";
		};
		7786F16223E3D8FC006B087C /* LaunchScreen.storyboard */ = {
			isa = PBXVariantGroup;
			children = (
				7786F16323E3D8FC006B087C /* Base */,
			);
			name = LaunchScreen.storyboard;
			sourceTree = "<group>";
		};
/* End PBXVariantGroup section */

/* Begin XCBuildConfiguration section */
		7786F17C23E3D8FD006B087C /* Debug */ = {
			isa = XCBuildConfiguration;
			buildSettings = {
				ALWAYS_SEARCH_USER_PATHS = NO;
				CLANG_ANALYZER_NONNULL = YES;
				CLANG_ANALYZER_NUMBER_OBJECT_CONVERSION = YES_AGGRESSIVE;
				CLANG_CXX_LANGUAGE_STANDARD = "gnu++14";
				CLANG_CXX_LIBRARY = "libc++";
				CLANG_ENABLE_MODULES = YES;
				CLANG_ENABLE_OBJC_ARC = YES;
				CLANG_ENABLE_OBJC_WEAK = YES;
				CLANG_WARN_BLOCK_CAPTURE_AUTORELEASING = YES;
				CLANG_WARN_BOOL_CONVERSION = YES;
				CLANG_WARN_COMMA = YES;
				CLANG_WARN_CONSTANT_CONVERSION = YES;
				CLANG_WARN_DEPRECATED_OBJC_IMPLEMENTATIONS = YES;
				CLANG_WARN_DIRECT_OBJC_ISA_USAGE = YES_ERROR;
				CLANG_WARN_DOCUMENTATION_COMMENTS = YES;
				CLANG_WARN_EMPTY_BODY = YES;
				CLANG_WARN_ENUM_CONVERSION = YES;
				CLANG_WARN_INFINITE_RECURSION = YES;
				CLANG_WARN_INT_CONVERSION = YES;
				CLANG_WARN_NON_LITERAL_NULL_CONVERSION = YES;
				CLANG_WARN_OBJC_IMPLICIT_RETAIN_SELF = YES;
				CLANG_WARN_OBJC_LITERAL_CONVERSION = YES;
				CLANG_WARN_OBJC_ROOT_CLASS = YES_ERROR;
				CLANG_WARN_RANGE_LOOP_ANALYSIS = YES;
				CLANG_WARN_STRICT_PROTOTYPES = YES;
				CLANG_WARN_SUSPICIOUS_MOVE = YES;
				CLANG_WARN_UNGUARDED_AVAILABILITY = YES_AGGRESSIVE;
				CLANG_WARN_UNREACHABLE_CODE = YES;
				CLANG_WARN__DUPLICATE_METHOD_MATCH = YES;
				COPY_PHASE_STRIP = NO;
				DEBUG_INFORMATION_FORMAT = dwarf;
				ENABLE_STRICT_OBJC_MSGSEND = YES;
				ENABLE_TESTABILITY = YES;
				GCC_C_LANGUAGE_STANDARD = gnu11;
				GCC_DYNAMIC_NO_PIC = NO;
				GCC_NO_COMMON_BLOCKS = YES;
				GCC_OPTIMIZATION_LEVEL = 0;
				GCC_PREPROCESSOR_DEFINITIONS = (
					"DEBUG=1",
					"$(inherited)",
				);
				GCC_WARN_64_TO_32_BIT_CONVERSION = YES;
				GCC_WARN_ABOUT_RETURN_TYPE = YES_ERROR;
				GCC_WARN_UNDECLARED_SELECTOR = YES;
				GCC_WARN_UNINITIALIZED_AUTOS = YES_AGGRESSIVE;
				GCC_WARN_UNUSED_FUNCTION = YES;
				GCC_WARN_UNUSED_VARIABLE = YES;
				IPHONEOS_DEPLOYMENT_TARGET = 13.2;
				MTL_ENABLE_DEBUG_INFO = INCLUDE_SOURCE;
				MTL_FAST_MATH = YES;
				ONLY_ACTIVE_ARCH = YES;
				SDKROOT = iphoneos;
				SWIFT_ACTIVE_COMPILATION_CONDITIONS = DEBUG;
				SWIFT_OPTIMIZATION_LEVEL = "-Onone";
			};
			name = Debug;
		};
		7786F17D23E3D8FD006B087C /* Release */ = {
			isa = XCBuildConfiguration;
			buildSettings = {
				ALWAYS_SEARCH_USER_PATHS = NO;
				CLANG_ANALYZER_NONNULL = YES;
				CLANG_ANALYZER_NUMBER_OBJECT_CONVERSION = YES_AGGRESSIVE;
				CLANG_CXX_LANGUAGE_STANDARD = "gnu++14";
				CLANG_CXX_LIBRARY = "libc++";
				CLANG_ENABLE_MODULES = YES;
				CLANG_ENABLE_OBJC_ARC = YES;
				CLANG_ENABLE_OBJC_WEAK = YES;
				CLANG_WARN_BLOCK_CAPTURE_AUTORELEASING = YES;
				CLANG_WARN_BOOL_CONVERSION = YES;
				CLANG_WARN_COMMA = YES;
				CLANG_WARN_CONSTANT_CONVERSION = YES;
				CLANG_WARN_DEPRECATED_OBJC_IMPLEMENTATIONS = YES;
				CLANG_WARN_DIRECT_OBJC_ISA_USAGE = YES_ERROR;
				CLANG_WARN_DOCUMENTATION_COMMENTS = YES;
				CLANG_WARN_EMPTY_BODY = YES;
				CLANG_WARN_ENUM_CONVERSION = YES;
				CLANG_WARN_INFINITE_RECURSION = YES;
				CLANG_WARN_INT_CONVERSION = YES;
				CLANG_WARN_NON_LITERAL_NULL_CONVERSION = YES;
				CLANG_WARN_OBJC_IMPLICIT_RETAIN_SELF = YES;
				CLANG_WARN_OBJC_LITERAL_CONVERSION = YES;
				CLANG_WARN_OBJC_ROOT_CLASS = YES_ERROR;
				CLANG_WARN_RANGE_LOOP_ANALYSIS = YES;
				CLANG_WARN_STRICT_PROTOTYPES = YES;
				CLANG_WARN_SUSPICIOUS_MOVE = YES;
				CLANG_WARN_UNGUARDED_AVAILABILITY = YES_AGGRESSIVE;
				CLANG_WARN_UNREACHABLE_CODE = YES;
				CLANG_WARN__DUPLICATE_METHOD_MATCH = YES;
				COPY_PHASE_STRIP = NO;
				DEBUG_INFORMATION_FORMAT = "dwarf-with-dsym";
				ENABLE_NS_ASSERTIONS = NO;
				ENABLE_STRICT_OBJC_MSGSEND = YES;
				GCC_C_LANGUAGE_STANDARD = gnu11;
				GCC_NO_COMMON_BLOCKS = YES;
				GCC_WARN_64_TO_32_BIT_CONVERSION = YES;
				GCC_WARN_ABOUT_RETURN_TYPE = YES_ERROR;
				GCC_WARN_UNDECLARED_SELECTOR = YES;
				GCC_WARN_UNINITIALIZED_AUTOS = YES_AGGRESSIVE;
				GCC_WARN_UNUSED_FUNCTION = YES;
				GCC_WARN_UNUSED_VARIABLE = YES;
				IPHONEOS_DEPLOYMENT_TARGET = 13.2;
				MTL_ENABLE_DEBUG_INFO = NO;
				MTL_FAST_MATH = YES;
				SDKROOT = iphoneos;
				SWIFT_COMPILATION_MODE = wholemodule;
				SWIFT_OPTIMIZATION_LEVEL = "-O";
				VALIDATE_PRODUCT = YES;
			};
			name = Release;
		};
		7786F17F23E3D8FD006B087C /* Debug */ = {
			isa = XCBuildConfiguration;
			buildSettings = {
				ASSETCATALOG_COMPILER_APPICON_NAME = AppIcon;
				CODE_SIGN_STYLE = Automatic;
				DEVELOPMENT_TEAM = F2BL68NTA5;
				INFOPLIST_FILE = "PPP Crypto Algorithm/Info.plist";
				LD_RUNPATH_SEARCH_PATHS = (
					"$(inherited)",
					"@executable_path/Frameworks",
				);
				PRODUCT_BUNDLE_IDENTIFIER = "unam.PPP-Crypto-Algorithm";
				PRODUCT_NAME = "$(TARGET_NAME)";
				SWIFT_VERSION = 5.0;
				TARGETED_DEVICE_FAMILY = "1,2";
			};
			name = Debug;
		};
		7786F18023E3D8FD006B087C /* Release */ = {
			isa = XCBuildConfiguration;
			buildSettings = {
				ASSETCATALOG_COMPILER_APPICON_NAME = AppIcon;
				CODE_SIGN_STYLE = Automatic;
				DEVELOPMENT_TEAM = F2BL68NTA5;
				INFOPLIST_FILE = "PPP Crypto Algorithm/Info.plist";
				LD_RUNPATH_SEARCH_PATHS = (
					"$(inherited)",
					"@executable_path/Frameworks",
				);
				PRODUCT_BUNDLE_IDENTIFIER = "unam.PPP-Crypto-Algorithm";
				PRODUCT_NAME = "$(TARGET_NAME)";
				SWIFT_VERSION = 5.0;
				TARGETED_DEVICE_FAMILY = "1,2";
			};
			name = Release;
		};
		7786F18223E3D8FD006B087C /* Debug */ = {
			isa = XCBuildConfiguration;
			buildSettings = {
				ALWAYS_EMBED_SWIFT_STANDARD_LIBRARIES = YES;
				BUNDLE_LOADER = "$(TEST_HOST)";
				CODE_SIGN_STYLE = Automatic;
				DEVELOPMENT_TEAM = F2BL68NTA5;
				INFOPLIST_FILE = "PPP Crypto AlgorithmTests/Info.plist";
				IPHONEOS_DEPLOYMENT_TARGET = 13.2;
				LD_RUNPATH_SEARCH_PATHS = (
					"$(inherited)",
					"@executable_path/Frameworks",
					"@loader_path/Frameworks",
				);
				PRODUCT_BUNDLE_IDENTIFIER = "unam.PPP-Crypto-AlgorithmTests";
				PRODUCT_NAME = "$(TARGET_NAME)";
				SWIFT_VERSION = 5.0;
				TARGETED_DEVICE_FAMILY = "1,2";
				TEST_HOST = "$(BUILT_PRODUCTS_DIR)/PPP Crypto Algorithm.app/PPP Crypto Algorithm";
			};
			name = Debug;
		};
		7786F18323E3D8FD006B087C /* Release */ = {
			isa = XCBuildConfiguration;
			buildSettings = {
				ALWAYS_EMBED_SWIFT_STANDARD_LIBRARIES = YES;
				BUNDLE_LOADER = "$(TEST_HOST)";
				CODE_SIGN_STYLE = Automatic;
				DEVELOPMENT_TEAM = F2BL68NTA5;
				INFOPLIST_FILE = "PPP Crypto AlgorithmTests/Info.plist";
				IPHONEOS_DEPLOYMENT_TARGET = 13.2;
				LD_RUNPATH_SEARCH_PATHS = (
					"$(inherited)",
					"@executable_path/Frameworks",
					"@loader_path/Frameworks",
				);
				PRODUCT_BUNDLE_IDENTIFIER = "unam.PPP-Crypto-AlgorithmTests";
				PRODUCT_NAME = "$(TARGET_NAME)";
				SWIFT_VERSION = 5.0;
				TARGETED_DEVICE_FAMILY = "1,2";
				TEST_HOST = "$(BUILT_PRODUCTS_DIR)/PPP Crypto Algorithm.app/PPP Crypto Algorithm";
			};
			name = Release;
		};
		7786F18523E3D8FD006B087C /* Debug */ = {
			isa = XCBuildConfiguration;
			buildSettings = {
				ALWAYS_EMBED_SWIFT_STANDARD_LIBRARIES = YES;
				CODE_SIGN_STYLE = Automatic;
				DEVELOPMENT_TEAM = F2BL68NTA5;
				INFOPLIST_FILE = "PPP Crypto AlgorithmUITests/Info.plist";
				LD_RUNPATH_SEARCH_PATHS = (
					"$(inherited)",
					"@executable_path/Frameworks",
					"@loader_path/Frameworks",
				);
				PRODUCT_BUNDLE_IDENTIFIER = "unam.PPP-Crypto-AlgorithmUITests";
				PRODUCT_NAME = "$(TARGET_NAME)";
				SWIFT_VERSION = 5.0;
				TARGETED_DEVICE_FAMILY = "1,2";
				TEST_TARGET_NAME = "PPP Crypto Algorithm";
			};
			name = Debug;
		};
		7786F18623E3D8FD006B087C /* Release */ = {
			isa = XCBuildConfiguration;
			buildSettings = {
				ALWAYS_EMBED_SWIFT_STANDARD_LIBRARIES = YES;
				CODE_SIGN_STYLE = Automatic;
				DEVELOPMENT_TEAM = F2BL68NTA5;
				INFOPLIST_FILE = "PPP Crypto AlgorithmUITests/Info.plist";
				LD_RUNPATH_SEARCH_PATHS = (
					"$(inherited)",
					"@executable_path/Frameworks",
					"@loader_path/Frameworks",
				);
				PRODUCT_BUNDLE_IDENTIFIER = "unam.PPP-Crypto-AlgorithmUITests";
				PRODUCT_NAME = "$(TARGET_NAME)";
				SWIFT_VERSION = 5.0;
				TARGETED_DEVICE_FAMILY = "1,2";
				TEST_TARGET_NAME = "PPP Crypto Algorithm";
			};
			name = Release;
		};
/* End XCBuildConfiguration section */

/* Begin XCConfigurationList section */
		7786F14F23E3D8F5006B087C /* Build configuration list for PBXProject "PPP Crypto Algorithm" */ = {
			isa = XCConfigurationList;
			buildConfigurations = (
				7786F17C23E3D8FD006B087C /* Debug */,
				7786F17D23E3D8FD006B087C /* Release */,
			);
			defaultConfigurationIsVisible = 0;
			defaultConfigurationName = Release;
		};
		7786F17E23E3D8FD006B087C /* Build configuration list for PBXNativeTarget "PPP Crypto Algorithm" */ = {
			isa = XCConfigurationList;
			buildConfigurations = (
				7786F17F23E3D8FD006B087C /* Debug */,
				7786F18023E3D8FD006B087C /* Release */,
			);
			defaultConfigurationIsVisible = 0;
			defaultConfigurationName = Release;
		};
		7786F18123E3D8FD006B087C /* Build configuration list for PBXNativeTarget "PPP Crypto AlgorithmTests" */ = {
			isa = XCConfigurationList;
			buildConfigurations = (
				7786F18223E3D8FD006B087C /* Debug */,
				7786F18323E3D8FD006B087C /* Release */,
			);
			defaultConfigurationIsVisible = 0;
			defaultConfigurationName = Release;
		};
		7786F18423E3D8FD006B087C /* Build configuration list for PBXNativeTarget "PPP Crypto AlgorithmUITests" */ = {
			isa = XCConfigurationList;
			buildConfigurations = (
				7786F18523E3D8FD006B087C /* Debug */,
				7786F18623E3D8FD006B087C /* Release */,
			);
			defaultConfigurationIsVisible = 0;
			defaultConfigurationName = Release;
		};
/* End XCConfigurationList section */
	};
	rootObject = 7786F14C23E3D8F5006B087C /* Project object */;
}
